
Microsoft Visual Studio Solution File, Format Version 12.00
# Visual Studio Version 17
VisualStudioVersion = 17.5.002.0
MinimumVisualStudioVersion = 10.0.40219.1
Project("{9A19103F-16F7-4668-BE54-9A1E7A4F7556}") = "starterapi", "starterapi.csproj", "{4558E5AD-C2A8-4E70-BAEC-5841D8D3285F}"
EndProject
Global
	GlobalSection(SolutionConfigurationPlatforms) = preSolution
		Debug|Any CPU = Debug|Any CPU
		Release|Any CPU = Release|Any CPU
	EndGlobalSection
	GlobalSection(ProjectConfigurationPlatforms) = postSolution
		{4558E5AD-C2A8-4E70-BAEC-5841D8D3285F}.Debug|Any CPU.ActiveCfg = Debug|Any CPU
		{4558E5AD-C2A8-4E70-BAEC-5841D8D3285F}.Debug|Any CPU.Build.0 = Debug|Any CPU
		{4558E5AD-C2A8-4E70-BAEC-5841D8D3285F}.Release|Any CPU.ActiveCfg = Release|Any CPU
		{4558E5AD-C2A8-4E70-BAEC-5841D8D3285F}.Release|Any CPU.Build.0 = Release|Any CPU
	EndGlobalSection
	GlobalSection(SolutionProperties) = preSolution
		HideSolutionNode = FALSE
	EndGlobalSection
	GlobalSection(ExtensibilityGlobals) = postSolution
		SolutionGuid = {10D89FF2-90CF-405B-879C-E23C3BA167D2}
	EndGlobalSection
EndGlobal
